
Microsoft Visual Studio Solution File, Format Version 12.00
# Visual Studio Version 16
VisualStudioVersion = 16.0.30907.101
MinimumVisualStudioVersion = 10.0.40219.1
Project("{FAE04EC0-301F-11D3-BF4B-00C04F79EFBC}") = "BibleVerse", "BibleVerse\BibleVerse.csproj", "{A12CEA26-2F50-4F04-B113-73BCA227A49E}"
EndProject
Global
	GlobalSection(SolutionConfigurationPlatforms) = preSolution
		Debug|Any CPU = Debug|Any CPU
		Release|Any CPU = Release|Any CPU
	EndGlobalSection
	GlobalSection(ProjectConfigurationPlatforms) = postSolution
		{A12CEA26-2F50-4F04-B113-73BCA227A49E}.Debug|Any CPU.ActiveCfg = Debug|Any CPU
		{A12CEA26-2F50-4F04-B113-73BCA227A49E}.Debug|Any CPU.Build.0 = Debug|Any CPU
		{A12CEA26-2F50-4F04-B113-73BCA227A49E}.Release|Any CPU.ActiveCfg = Release|Any CPU
		{A12CEA26-2F50-4F04-B113-73BCA227A49E}.Release|Any CPU.Build.0 = Release|Any CPU
	EndGlobalSection
	GlobalSection(SolutionProperties) = preSolution
		HideSolutionNode = FALSE
	EndGlobalSection
	GlobalSection(ExtensibilityGlobals) = postSolution
		SolutionGuid = {7AFE04BC-61DF-43BB-917E-1E7FE9D52F14}
	EndGlobalSection
EndGlobal
